
Microsoft Visual Studio Solution File, Format Version 12.00
# Visual Studio 15
VisualStudioVersion = 15.0.28010.2048
MinimumVisualStudioVersion = 10.0.40219.1
Project("{FAE04EC0-301F-11D3-BF4B-00C04F79EFBC}") = "PrismBlank", "PrismBlank\PrismBlank\PrismBlank.csproj", "{65B72653-AD91-4668-B9C4-3E9F6CDBB9F6}"
EndProject
Project("{FAE04EC0-301F-11D3-BF4B-00C04F79EFBC}") = "PrismBlank.Android", "PrismBlank\PrismBlank.Android\PrismBlank.Android.csproj", "{F7949547-FEF2-4F7C-A42B-429C8DAE1079}"
EndProject
Project("{FAE04EC0-301F-11D3-BF4B-00C04F79EFBC}") = "PrismBlank.iOS", "PrismBlank\PrismBlank.iOS\PrismBlank.iOS.csproj", "{9141B29F-F9D9-477A-8651-9D51F1ACB424}"
EndProject
Global
	GlobalSection(SolutionConfigurationPlatforms) = preSolution
		Ad-Hoc|Any CPU = Ad-Hoc|Any CPU
		Ad-Hoc|iPhone = Ad-Hoc|iPhone
		Ad-Hoc|iPhoneSimulator = Ad-Hoc|iPhoneSimulator
		AppStore|Any CPU = AppStore|Any CPU
		AppStore|iPhone = AppStore|iPhone
		AppStore|iPhoneSimulator = AppStore|iPhoneSimulator
		Debug|Any CPU = Debug|Any CPU
		Debug|iPhone = Debug|iPhone
		Debug|iPhoneSimulator = Debug|iPhoneSimulator
		Release|Any CPU = Release|Any CPU
		Release|iPhone = Release|iPhone
		Release|iPhoneSimulator = Release|iPhoneSimulator
	EndGlobalSection
	GlobalSection(ProjectConfigurationPlatforms) = postSolution
		{65B72653-AD91-4668-B9C4-3E9F6CDBB9F6}.Ad-Hoc|Any CPU.ActiveCfg = Debug|Any CPU
		{65B72653-AD91-4668-B9C4-3E9F6CDBB9F6}.Ad-Hoc|Any CPU.Build.0 = Debug|Any CPU
		{65B72653-AD91-4668-B9C4-3E9F6CDBB9F6}.Ad-Hoc|iPhone.ActiveCfg = Debug|Any CPU
		{65B72653-AD91-4668-B9C4-3E9F6CDBB9F6}.Ad-Hoc|iPhone.Build.0 = Debug|Any CPU
		{65B72653-AD91-4668-B9C4-3E9F6CDBB9F6}.Ad-Hoc|iPhoneSimulator.ActiveCfg = Debug|Any CPU
		{65B72653-AD91-4668-B9C4-3E9F6CDBB9F6}.Ad-Hoc|iPhoneSimulator.Build.0 = Debug|Any CPU
		{65B72653-AD91-4668-B9C4-3E9F6CDBB9F6}.AppStore|Any CPU.ActiveCfg = Debug|Any CPU
		{65B72653-AD91-4668-B9C4-3E9F6CDBB9F6}.AppStore|Any CPU.Build.0 = Debug|Any CPU
		{65B72653-AD91-4668-B9C4-3E9F6CDBB9F6}.AppStore|iPhone.ActiveCfg = Debug|Any CPU
		{65B72653-AD91-4668-B9C4-3E9F6CDBB9F6}.AppStore|iPhone.Build.0 = Debug|Any CPU
		{65B72653-AD91-4668-B9C4-3E9F6CDBB9F6}.AppStore|iPhoneSimulator.ActiveCfg = Debug|Any CPU
		{65B72653-AD91-4668-B9C4-3E9F6CDBB9F6}.AppStore|iPhoneSimulator.Build.0 = Debug|Any CPU
		{65B72653-AD91-4668-B9C4-3E9F6CDBB9F6}.Debug|Any CPU.ActiveCfg = Debug|Any CPU
		{65B72653-AD91-4668-B9C4-3E9F6CDBB9F6}.Debug|Any CPU.Build.0 = Debug|Any CPU
		{65B72653-AD91-4668-B9C4-3E9F6CDBB9F6}.Debug|iPhone.ActiveCfg = Debug|Any CPU
		{65B72653-AD91-4668-B9C4-3E9F6CDBB9F6}.Debug|iPhone.Build.0 = Debug|Any CPU
		{65B72653-AD91-4668-B9C4-3E9F6CDBB9F6}.Debug|iPhoneSimulator.ActiveCfg = Debug|Any CPU
		{65B72653-AD91-4668-B9C4-3E9F6CDBB9F6}.Debug|iPhoneSimulator.Build.0 = Debug|Any CPU
		{65B72653-AD91-4668-B9C4-3E9F6CDBB9F6}.Release|Any CPU.ActiveCfg = Release|Any CPU
		{65B72653-AD91-4668-B9C4-3E9F6CDBB9F6}.Release|Any CPU.Build.0 = Release|Any CPU
		{65B72653-AD91-4668-B9C4-3E9F6CDBB9F6}.Release|iPhone.ActiveCfg = Release|Any CPU
		{65B72653-AD91-4668-B9C4-3E9F6CDBB9F6}.Release|iPhone.Build.0 = Release|Any CPU
		{65B72653-AD91-4668-B9C4-3E9F6CDBB9F6}.Release|iPhoneSimulator.ActiveCfg = Release|Any CPU
		{65B72653-AD91-4668-B9C4-3E9F6CDBB9F6}.Release|iPhoneSimulator.Build.0 = Release|Any CPU
		{F7949547-FEF2-4F7C-A42B-429C8DAE1079}.Ad-Hoc|Any CPU.ActiveCfg = Release|Any CPU
		{F7949547-FEF2-4F7C-A42B-429C8DAE1079}.Ad-Hoc|Any CPU.Build.0 = Release|Any CPU
		{F7949547-FEF2-4F7C-A42B-429C8DAE1079}.Ad-Hoc|Any CPU.Deploy.0 = Release|Any CPU
		{F7949547-FEF2-4F7C-A42B-429C8DAE1079}.Ad-Hoc|iPhone.ActiveCfg = Release|Any CPU
		{F7949547-FEF2-4F7C-A42B-429C8DAE1079}.Ad-Hoc|iPhone.Build.0 = Release|Any CPU
		{F7949547-FEF2-4F7C-A42B-429C8DAE1079}.Ad-Hoc|iPhone.Deploy.0 = Release|Any CPU
		{F7949547-FEF2-4F7C-A42B-429C8DAE1079}.Ad-Hoc|iPhoneSimulator.ActiveCfg = Release|Any CPU
		{F7949547-FEF2-4F7C-A42B-429C8DAE1079}.Ad-Hoc|iPhoneSimulator.Build.0 = Release|Any CPU
		{F7949547-FEF2-4F7C-A42B-429C8DAE1079}.Ad-Hoc|iPhoneSimulator.Deploy.0 = Release|Any CPU
		{F7949547-FEF2-4F7C-A42B-429C8DAE1079}.AppStore|Any CPU.ActiveCfg = Release|Any CPU
		{F7949547-FEF2-4F7C-A42B-429C8DAE1079}.AppStore|Any CPU.Build.0 = Release|Any CPU
		{F7949547-FEF2-4F7C-A42B-429C8DAE1079}.AppStore|Any CPU.Deploy.0 = Release|Any CPU
		{F7949547-FEF2-4F7C-A42B-429C8DAE1079}.AppStore|iPhone.ActiveCfg = Release|Any CPU
		{F7949547-FEF2-4F7C-A42B-429C8DAE1079}.AppStore|iPhone.Build.0 = Release|Any CPU
		{F7949547-FEF2-4F7C-A42B-429C8DAE1079}.AppStore|iPhone.Deploy.0 = Release|Any CPU
		{F7949547-FEF2-4F7C-A42B-429C8DAE1079}.AppStore|iPhoneSimulator.ActiveCfg = Release|Any CPU
		{F7949547-FEF2-4F7C-A42B-429C8DAE1079}.AppStore|iPhoneSimulator.Build.0 = Release|Any CPU
		{F7949547-FEF2-4F7C-A42B-429C8DAE1079}.AppStore|iPhoneSimulator.Deploy.0 = Release|Any CPU
		{F7949547-FEF2-4F7C-A42B-429C8DAE1079}.Debug|Any CPU.ActiveCfg = Debug|Any CPU
		{F7949547-FEF2-4F7C-A42B-429C8DAE1079}.Debug|Any CPU.Build.0 = Debug|Any CPU
		{F7949547-FEF2-4F7C-A42B-429C8DAE1079}.Debug|Any CPU.Deploy.0 = Debug|Any CPU
		{F7949547-FEF2-4F7C-A42B-429C8DAE1079}.Debug|iPhone.ActiveCfg = Debug|Any CPU
		{F7949547-FEF2-4F7C-A42B-429C8DAE1079}.Debug|iPhone.Build.0 = Debug|Any CPU
		{F7949547-FEF2-4F7C-A42B-429C8DAE1079}.Debug|iPhone.Deploy.0 = Debug|Any CPU
		{F7949547-FEF2-4F7C-A42B-429C8DAE1079}.Debug|iPhoneSimulator.ActiveCfg = Debug|Any CPU
		{F7949547-FEF2-4F7C-A42B-429C8DAE1079}.Debug|iPhoneSimulator.Build.0 = Debug|Any CPU
		{F7949547-FEF2-4F7C-A42B-429C8DAE1079}.Debug|iPhoneSimulator.Deploy.0 = Debug|Any CPU
		{F7949547-FEF2-4F7C-A42B-429C8DAE1079}.Release|Any CPU.ActiveCfg = Release|Any CPU
		{F7949547-FEF2-4F7C-A42B-429C8DAE1079}.Release|Any CPU.Build.0 = Release|Any CPU
		{F7949547-FEF2-4F7C-A42B-429C8DAE1079}.Release|Any CPU.Deploy.0 = Release|Any CPU
		{F7949547-FEF2-4F7C-A42B-429C8DAE1079}.Release|iPhone.ActiveCfg = Release|Any CPU
		{F7949547-FEF2-4F7C-A42B-429C8DAE1079}.Release|iPhone.Build.0 = Release|Any CPU
		{F7949547-FEF2-4F7C-A42B-429C8DAE1079}.Release|iPhone.Deploy.0 = Release|Any CPU
		{F7949547-FEF2-4F7C-A42B-429C8DAE1079}.Release|iPhoneSimulator.ActiveCfg = Release|Any CPU
		{F7949547-FEF2-4F7C-A42B-429C8DAE1079}.Release|iPhoneSimulator.Build.0 = Release|Any CPU
		{F7949547-FEF2-4F7C-A42B-429C8DAE1079}.Release|iPhoneSimulator.Deploy.0 = Release|Any CPU
		{9141B29F-F9D9-477A-8651-9D51F1ACB424}.Ad-Hoc|Any CPU.ActiveCfg = Ad-Hoc|iPhone
		{9141B29F-F9D9-477A-8651-9D51F1ACB424}.Ad-Hoc|iPhone.ActiveCfg = Ad-Hoc|iPhone
		{9141B29F-F9D9-477A-8651-9D51F1ACB424}.Ad-Hoc|iPhone.Build.0 = Ad-Hoc|iPhone
		{9141B29F-F9D9-477A-8651-9D51F1ACB424}.Ad-Hoc|iPhoneSimulator.ActiveCfg = Ad-Hoc|iPhoneSimulator
		{9141B29F-F9D9-477A-8651-9D51F1ACB424}.Ad-Hoc|iPhoneSimulator.Build.0 = Ad-Hoc|iPhoneSimulator
		{9141B29F-F9D9-477A-8651-9D51F1ACB424}.AppStore|Any CPU.ActiveCfg = AppStore|iPhone
		{9141B29F-F9D9-477A-8651-9D51F1ACB424}.AppStore|iPhone.ActiveCfg = AppStore|iPhone
		{9141B29F-F9D9-477A-8651-9D51F1ACB424}.AppStore|iPhone.Build.0 = AppStore|iPhone
		{9141B29F-F9D9-477A-8651-9D51F1ACB424}.AppStore|iPhoneSimulator.ActiveCfg = AppStore|iPhoneSimulator
		{9141B29F-F9D9-477A-8651-9D51F1ACB424}.AppStore|iPhoneSimulator.Build.0 = AppStore|iPhoneSimulator
		{9141B29F-F9D9-477A-8651-9D51F1ACB424}.Debug|Any CPU.ActiveCfg = Debug|iPhone
		{9141B29F-F9D9-477A-8651-9D51F1ACB424}.Debug|iPhone.ActiveCfg = Debug|iPhone
		{9141B29F-F9D9-477A-8651-9D51F1ACB424}.Debug|iPhone.Build.0 = Debug|iPhone
		{9141B29F-F9D9-477A-8651-9D51F1ACB424}.Debug|iPhoneSimulator.ActiveCfg = Debug|iPhoneSimulator
		{9141B29F-F9D9-477A-8651-9D51F1ACB424}.Debug|iPhoneSimulator.Build.0 = Debug|iPhoneSimulator
		{9141B29F-F9D9-477A-8651-9D51F1ACB424}.Release|Any CPU.ActiveCfg = Release|iPhone
		{9141B29F-F9D9-477A-8651-9D51F1ACB424}.Release|iPhone.ActiveCfg = Release|iPhone
		{9141B29F-F9D9-477A-8651-9D51F1ACB424}.Release|iPhone.Build.0 = Release|iPhone
		{9141B29F-F9D9-477A-8651-9D51F1ACB424}.Release|iPhoneSimulator.ActiveCfg = Release|iPhoneSimulator
		{9141B29F-F9D9-477A-8651-9D51F1ACB424}.Release|iPhoneSimulator.Build.0 = Release|iPhoneSimulator
	EndGlobalSection
	GlobalSection(SolutionProperties) = preSolution
		HideSolutionNode = FALSE
	EndGlobalSection
	GlobalSection(ExtensibilityGlobals) = postSolution
		SolutionGuid = {A56662E1-5351-44F7-8DDC-811F3995BFF5}
	EndGlobalSection
EndGlobal
